
Microsoft Visual Studio Solution File, Format Version 12.00
# Visual Studio Version 17
VisualStudioVersion = 17.1.32407.343
MinimumVisualStudioVersion = 10.0.40219.1
Project("{FAE04EC0-301F-11D3-BF4B-00C04F79EFBC}") = "PCDMapper", "PCDMapper.csproj", "{532809C3-F87B-48D6-950C-DA3F5177BCD1}"
EndProject
Global
	GlobalSection(SolutionConfigurationPlatforms) = preSolution
		Debug|Any CPU = Debug|Any CPU
		Release|Any CPU = Release|Any CPU
	EndGlobalSection
	GlobalSection(ProjectConfigurationPlatforms) = postSolution
		{532809C3-F87B-48D6-950C-DA3F5177BCD1}.Debug|Any CPU.ActiveCfg = Debug|Any CPU
		{532809C3-F87B-48D6-950C-DA3F5177BCD1}.Debug|Any CPU.Build.0 = Debug|Any CPU
		{532809C3-F87B-48D6-950C-DA3F5177BCD1}.Release|Any CPU.ActiveCfg = Release|Any CPU
		{532809C3-F87B-48D6-950C-DA3F5177BCD1}.Release|Any CPU.Build.0 = Release|Any CPU
	EndGlobalSection
	GlobalSection(SolutionProperties) = preSolution
		HideSolutionNode = FALSE
	EndGlobalSection
	GlobalSection(ExtensibilityGlobals) = postSolution
		SolutionGuid = {D4D15224-F007-4F38-8E60-99EAF98C6767}
	EndGlobalSection
EndGlobal
